// !$*UTF8*$!
{
	archiveVersion = 1;
	classes = {
	};
	objectVersion = 46;
	objects = {

/* Begin PBXBuildFile section */
		926B326918EF20F000AAD137 /* Foundation.framework in Frameworks */ = {isa = PBXBuildFile; fileRef = 926B326818EF20F000AAD137 /* Foundation.framework */; };
		926B326B18EF20F000AAD137 /* CoreGraphics.framework in Frameworks */ = {isa = PBXBuildFile; fileRef = 926B326A18EF20F000AAD137 /* CoreGraphics.framework */; };
		926B326D18EF20F000AAD137 /* UIKit.framework in Frameworks */ = {isa = PBXBuildFile; fileRef = 926B326C18EF20F000AAD137 /* UIKit.framework */; };
		926B327318EF20F000AAD137 /* InfoPlist.strings in Resources */ = {isa = PBXBuildFile; fileRef = 926B327118EF20F000AAD137 /* InfoPlist.strings */; };
		926B327518EF20F000AAD137 /* main.m in Sources */ = {isa = PBXBuildFile; fileRef = 926B327418EF20F000AAD137 /* main.m */; };
		926B327918EF20F000AAD137 /* AppDelegate.m in Sources */ = {isa = PBXBuildFile; fileRef = 926B327818EF20F000AAD137 /* AppDelegate.m */; };
		926B327B18EF20F000AAD137 /* Images.xcassets in Resources */ = {isa = PBXBuildFile; fileRef = 926B327A18EF20F000AAD137 /* Images.xcassets */; };
		926B328218EF20F000AAD137 /* XCTest.framework in Frameworks */ = {isa = PBXBuildFile; fileRef = 926B328118EF20F000AAD137 /* XCTest.framework */; };
		926B328318EF20F000AAD137 /* Foundation.framework in Frameworks */ = {isa = PBXBuildFile; fileRef = 926B326818EF20F000AAD137 /* Foundation.framework */; };
		926B328418EF20F000AAD137 /* UIKit.framework in Frameworks */ = {isa = PBXBuildFile; fileRef = 926B326C18EF20F000AAD137 /* UIKit.framework */; };
		926B328C18EF20F000AAD137 /* InfoPlist.strings in Resources */ = {isa = PBXBuildFile; fileRef = 926B328A18EF20F000AAD137 /* InfoPlist.strings */; };
		926B328E18EF20F000AAD137 /* VideoListTests.m in Sources */ = {isa = PBXBuildFile; fileRef = 926B328D18EF20F000AAD137 /* VideoListTests.m */; };
/* End PBXBuildFile section */

/* Begin PBXContainerItemProxy section */
		926B328518EF20F000AAD137 /* PBXContainerItemProxy */ = {
			isa = PBXContainerItemProxy;
			containerPortal = 926B325D18EF20F000AAD137 /* Project object */;
			proxyType = 1;
			remoteGlobalIDString = 926B326418EF20F000AAD137;
			remoteInfo = VideoList;
		};
/* End PBXContainerItemProxy section */

/* Begin PBXFileReference section */
		926B326518EF20F000AAD137 /* VideoList.app */ = {isa = PBXFileReference; explicitFileType = wrapper.application; includeInIndex = 0; path = VideoList.app; sourceTree = BUILT_PRODUCTS_DIR; };
		926B326818EF20F000AAD137 /* Foundation.framework */ = {isa = PBXFileReference; lastKnownFileType = wrapper.framework; name = Foundation.framework; path = System/Library/Frameworks/Foundation.framework; sourceTree = SDKROOT; };
		926B326A18EF20F000AAD137 /* CoreGraphics.framework */ = {isa = PBXFileReference; lastKnownFileType = wrapper.framework; name = CoreGraphics.framework; path = System/Library/Frameworks/CoreGraphics.framework; sourceTree = SDKROOT; };
		926B326C18EF20F000AAD137 /* UIKit.framework */ = {isa = PBXFileReference; lastKnownFileType = wrapper.framework; name = UIKit.framework; path = System/Library/Frameworks/UIKit.framework; sourceTree = SDKROOT; };
		926B327018EF20F000AAD137 /* VideoList-Info.plist */ = {isa = PBXFileReference; lastKnownFileType = text.plist.xml; path = "VideoList-Info.plist"; sourceTree = "<group>"; };
		926B327218EF20F000AAD137 /* en */ = {isa = PBXFileReference; lastKnownFileType = text.plist.strings; name = en; path = en.lproj/InfoPlist.strings; sourceTree = "<group>"; };
		926B327418EF20F000AAD137 /* main.m */ = {isa = PBXFileReference; lastKnownFileType = sourcecode.c.objc; path = main.m; sourceTree = "<group>"; };
		926B327618EF20F000AAD137 /* VideoList-Prefix.pch */ = {isa = PBXFileReference; lastKnownFileType = sourcecode.c.h; path = "VideoList-Prefix.pch"; sourceTree = "<group>"; };
		926B327718EF20F000AAD137 /* AppDelegate.h */ = {isa = PBXFileReference; lastKnownFileType = sourcecode.c.h; path = AppDelegate.h; sourceTree = "<group>"; };
		926B327818EF20F000AAD137 /* AppDelegate.m */ = {isa = PBXFileReference; lastKnownFileType = sourcecode.c.objc; path = AppDelegate.m; sourceTree = "<group>"; };
		926B327A18EF20F000AAD137 /* Images.xcassets */ = {isa = PBXFileReference; lastKnownFileType = folder.assetcatalog; path = Images.xcassets; sourceTree = "<group>"; };
		926B328018EF20F000AAD137 /* VideoListTests.xctest */ = {isa = PBXFileReference; explicitFileType = wrapper.cfbundle; includeInIndex = 0; path = VideoListTests.xctest; sourceTree = BUILT_PRODUCTS_DIR; };
		926B328118EF20F000AAD137 /* XCTest.framework */ = {isa = PBXFileReference; lastKnownFileType = wrapper.framework; name = XCTest.framework; path = Library/Frameworks/XCTest.framework; sourceTree = DEVELOPER_DIR; };
		926B328918EF20F000AAD137 /* VideoListTests-Info.plist */ = {isa = PBXFileReference; lastKnownFileType = text.plist.xml; path = "VideoListTests-Info.plist"; sourceTree = "<group>"; };
		926B328B18EF20F000AAD137 /* en */ = {isa = PBXFileReference; lastKnownFileType = text.plist.strings; name = en; path = en.lproj/InfoPlist.strings; sourceTree = "<group>"; };
		926B328D18EF20F000AAD137 /* VideoListTests.m */ = {isa = PBXFileReference; lastKnownFileType = sourcecode.c.objc; path = VideoListTests.m; sourceTree = "<group>"; };
/* End PBXFileReference section */

/* Begin PBXFrameworksBuildPhase section */
		926B326218EF20F000AAD137 /* Frameworks */ = {
			isa = PBXFrameworksBuildPhase;
			buildActionMask = 2147483647;
			files = (
				926B326B18EF20F000AAD137 /* CoreGraphics.framework in Frameworks */,
				926B326D18EF20F000AAD137 /* UIKit.framework in Frameworks */,
				926B326918EF20F000AAD137 /* Foundation.framework in Frameworks */,
			);
			runOnlyForDeploymentPostprocessing = 0;
		};
		926B327D18EF20F000AAD137 /* Frameworks */ = {
			isa = PBXFrameworksBuildPhase;
			buildActionMask = 2147483647;
			files = (
				926B328218EF20F000AAD137 /* XCTest.framework in Frameworks */,
				926B328418EF20F000AAD137 /* UIKit.framework in Frameworks */,
				926B328318EF20F000AAD137 /* Foundation.framework in Frameworks */,
			);
			runOnlyForDeploymentPostprocessing = 0;
		};
/* End PBXFrameworksBuildPhase section */

/* Begin PBXGroup section */
		926B325C18EF20F000AAD137 = {
			isa = PBXGroup;
			children = (
				926B326E18EF20F000AAD137 /* VideoList */,
				926B328718EF20F000AAD137 /* VideoListTests */,
				926B326718EF20F000AAD137 /* Frameworks */,
				926B326618EF20F000AAD137 /* Products */,
			);
			sourceTree = "<group>";
		};
		926B326618EF20F000AAD137 /* Products */ = {
			isa = PBXGroup;
			children = (
				926B326518EF20F000AAD137 /* VideoList.app */,
				926B328018EF20F000AAD137 /* VideoListTests.xctest */,
			);
			name = Products;
			sourceTree = "<group>";
		};
		926B326718EF20F000AAD137 /* Frameworks */ = {
			isa = PBXGroup;
			children = (
				926B326818EF20F000AAD137 /* Foundation.framework */,
				926B326A18EF20F000AAD137 /* CoreGraphics.framework */,
				926B326C18EF20F000AAD137 /* UIKit.framework */,
				926B328118EF20F000AAD137 /* XCTest.framework */,
			);
			name = Frameworks;
			sourceTree = "<group>";
		};
		926B326E18EF20F000AAD137 /* VideoList */ = {
			isa = PBXGroup;
			children = (
				926B327718EF20F000AAD137 /* AppDelegate.h */,
				926B327818EF20F000AAD137 /* AppDelegate.m */,
				926B327A18EF20F000AAD137 /* Images.xcassets */,
				926B326F18EF20F000AAD137 /* Supporting Files */,
			);
			path = VideoList;
			sourceTree = "<group>";
		};
		926B326F18EF20F000AAD137 /* Supporting Files */ = {
			isa = PBXGroup;
			children = (
				926B327018EF20F000AAD137 /* VideoList-Info.plist */,
				926B327118EF20F000AAD137 /* InfoPlist.strings */,
				926B327418EF20F000AAD137 /* main.m */,
				926B327618EF20F000AAD137 /* VideoList-Prefix.pch */,
			);
			name = "Supporting Files";
			sourceTree = "<group>";
		};
		926B328718EF20F000AAD137 /* VideoListTests */ = {
			isa = PBXGroup;
			children = (
				926B328D18EF20F000AAD137 /* VideoListTests.m */,
				926B328818EF20F000AAD137 /* Supporting Files */,
			);
			path = VideoListTests;
			sourceTree = "<group>";
		};
		926B328818EF20F000AAD137 /* Supporting Files */ = {
			isa = PBXGroup;
			children = (
				926B328918EF20F000AAD137 /* VideoListTests-Info.plist */,
				926B328A18EF20F000AAD137 /* InfoPlist.strings */,
			);
			name = "Supporting Files";
			sourceTree = "<group>";
		};
/* End PBXGroup section */

/* Begin PBXNativeTarget section */
		926B326418EF20F000AAD137 /* VideoList */ = {
			isa = PBXNativeTarget;
			buildConfigurationList = 926B329118EF20F000AAD137 /* Build configuration list for PBXNativeTarget "VideoList" */;
			buildPhases = (
				926B326118EF20F000AAD137 /* Sources */,
				926B326218EF20F000AAD137 /* Frameworks */,
				926B326318EF20F000AAD137 /* Resources */,
			);
			buildRules = (
			);
			dependencies = (
			);
			name = VideoList;
			productName = VideoList;
			productReference = 926B326518EF20F000AAD137 /* VideoList.app */;
			productType = "com.apple.product-type.application";
		};
		926B327F18EF20F000AAD137 /* VideoListTests */ = {
			isa = PBXNativeTarget;
			buildConfigurationList = 926B329418EF20F000AAD137 /* Build configuration list for PBXNativeTarget "VideoListTests" */;
			buildPhases = (
				926B327C18EF20F000AAD137 /* Sources */,
				926B327D18EF20F000AAD137 /* Frameworks */,
				926B327E18EF20F000AAD137 /* Resources */,
			);
			buildRules = (
			);
			dependencies = (
				926B328618EF20F000AAD137 /* PBXTargetDependency */,
			);
			name = VideoListTests;
			productName = VideoListTests;
			productReference = 926B328018EF20F000AAD137 /* VideoListTests.xctest */;
			productType = "com.apple.product-type.bundle.unit-test";
		};
/* End PBXNativeTarget section */

/* Begin PBXProject section */
		926B325D18EF20F000AAD137 /* Project object */ = {
			isa = PBXProject;
			attributes = {
				LastUpgradeCheck = 0510;
				ORGANIZATIONNAME = different.read;
				TargetAttributes = {
					926B327F18EF20F000AAD137 = {
						TestTargetID = 926B326418EF20F000AAD137;
					};
				};
			};
			buildConfigurationList = 926B326018EF20F000AAD137 /* Build configuration list for PBXProject "VideoList" */;
			compatibilityVersion = "Xcode 3.2";
			developmentRegion = English;
			hasScannedForEncodings = 0;
			knownRegions = (
				en,
			);
			mainGroup = 926B325C18EF20F000AAD137;
			productRefGroup = 926B326618EF20F000AAD137 /* Products */;
			projectDirPath = "";
			projectRoot = "";
			targets = (
				926B326418EF20F000AAD137 /* VideoList */,
				926B327F18EF20F000AAD137 /* VideoListTests */,
			);
		};
/* End PBXProject section */

/* Begin PBXResourcesBuildPhase section */
		926B326318EF20F000AAD137 /* Resources */ = {
			isa = PBXResourcesBuildPhase;
			buildActionMask = 2147483647;
			files = (
				926B327318EF20F000AAD137 /* InfoPlist.strings in Resources */,
				926B327B18EF20F000AAD137 /* Images.xcassets in Resources */,
			);
			runOnlyForDeploymentPostprocessing = 0;
		};
		926B327E18EF20F000AAD137 /* Resources */ = {
			isa = PBXResourcesBuildPhase;
			buildActionMask = 2147483647;
			files = (
				926B328C18EF20F000AAD137 /* InfoPlist.strings in Resources */,
			);
			runOnlyForDeploymentPostprocessing = 0;
		};
/* End PBXResourcesBuildPhase section */

/* Begin PBXSourcesBuildPhase section */
		926B326118EF20F000AAD137 /* Sources */ = {
			isa = PBXSourcesBuildPhase;
			buildActionMask = 2147483647;
			files = (
				926B327918EF20F000AAD137 /* AppDelegate.m in Sources */,
				926B327518EF20F000AAD137 /* main.m in Sources */,
			);
			runOnlyForDeploymentPostprocessing = 0;
		};
		926B327C18EF20F000AAD137 /* Sources */ = {
			isa = PBXSourcesBuildPhase;
			buildActionMask = 2147483647;
			files = (
				926B328E18EF20F000AAD137 /* VideoListTests.m in Sources */,
			);
			runOnlyForDeploymentPostprocessing = 0;
		};
/* End PBXSourcesBuildPhase section */

/* Begin PBXTargetDependency section */
		926B328618EF20F000AAD137 /* PBXTargetDependency */ = {
			isa = PBXTargetDependency;
			target = 926B326418EF20F000AAD137 /* VideoList */;
			targetProxy = 926B328518EF20F000AAD137 /* PBXContainerItemProxy */;
		};
/* End PBXTargetDependency section */

/* Begin PBXVariantGroup section */
		926B327118EF20F000AAD137 /* InfoPlist.strings */ = {
			isa = PBXVariantGroup;
			children = (
				926B327218EF20F000AAD137 /* en */,
			);
			name = InfoPlist.strings;
			sourceTree = "<group>";
		};
		926B328A18EF20F000AAD137 /* InfoPlist.strings */ = {
			isa = PBXVariantGroup;
			children = (
				926B328B18EF20F000AAD137 /* en */,
			);
			name = InfoPlist.strings;
			sourceTree = "<group>";
		};
/* End PBXVariantGroup section */

/* Begin XCBuildConfiguration section */
		926B328F18EF20F000AAD137 /* Debug */ = {
			isa = XCBuildConfiguration;
			buildSettings = {
				ALWAYS_SEARCH_USER_PATHS = NO;
				CLANG_CXX_LANGUAGE_STANDARD = "gnu++0x";
				CLANG_CXX_LIBRARY = "libc++";
				CLANG_ENABLE_MODULES = YES;
				CLANG_ENABLE_OBJC_ARC = YES;
				CLANG_WARN_BOOL_CONVERSION = YES;
				CLANG_WARN_CONSTANT_CONVERSION = YES;
				CLANG_WARN_DIRECT_OBJC_ISA_USAGE = YES_ERROR;
				CLANG_WARN_EMPTY_BODY = YES;
				CLANG_WARN_ENUM_CONVERSION = YES;
				CLANG_WARN_INT_CONVERSION = YES;
				CLANG_WARN_OBJC_ROOT_CLASS = YES_ERROR;
				CLANG_WARN__DUPLICATE_METHOD_MATCH = YES;
				"CODE_SIGN_IDENTITY[sdk=iphoneos*]" = "iPhone Developer";
				COPY_PHASE_STRIP = NO;
				GCC_C_LANGUAGE_STANDARD = gnu99;
				GCC_DYNAMIC_NO_PIC = NO;
				GCC_OPTIMIZATION_LEVEL = 0;
				GCC_PREPROCESSOR_DEFINITIONS = (
					"DEBUG=1",
					"$(inherited)",
				);
				GCC_SYMBOLS_PRIVATE_EXTERN = NO;
				GCC_WARN_64_TO_32_BIT_CONVERSION = YES;
				GCC_WARN_ABOUT_RETURN_TYPE = YES_ERROR;
				GCC_WARN_UNDECLARED_SELECTOR = YES;
				GCC_WARN_UNINITIALIZED_AUTOS = YES_AGGRESSIVE;
				GCC_WARN_UNUSED_FUNCTION = YES;
				GCC_WARN_UNUSED_VARIABLE = YES;
				IPHONEOS_DEPLOYMENT_TARGET = 7.1;
				ONLY_ACTIVE_ARCH = YES;
				SDKROOT = iphoneos;
				TARGETED_DEVICE_FAMILY = 2;
			};
			name = Debug;
		};
		926B329018EF20F000AAD137 /* Release */ = {
			isa = XCBuildConfiguration;
			buildSettings = {
				ALWAYS_SEARCH_USER_PATHS = NO;
				CLANG_CXX_LANGUAGE_STANDARD = "gnu++0x";
				CLANG_CXX_LIBRARY = "libc++";
				CLANG_ENABLE_MODULES = YES;
				CLANG_ENABLE_OBJC_ARC = YES;
				CLANG_WARN_BOOL_CONVERSION = YES;
				CLANG_WARN_CONSTANT_CONVERSION = YES;
				CLANG_WARN_DIRECT_OBJC_ISA_USAGE = YES_ERROR;
				CLANG_WARN_EMPTY_BODY = YES;
				CLANG_WARN_ENUM_CONVERSION = YES;
				CLANG_WARN_INT_CONVERSION = YES;
				CLANG_WARN_OBJC_ROOT_CLASS = YES_ERROR;
				CLANG_WARN__DUPLICATE_METHOD_MATCH = YES;
				"CODE_SIGN_IDENTITY[sdk=iphoneos*]" = "iPhone Developer";
				COPY_PHASE_STRIP = YES;
				ENABLE_NS_ASSERTIONS = NO;
				GCC_C_LANGUAGE_STANDARD = gnu99;
				GCC_WARN_64_TO_32_BIT_CONVERSION = YES;
				GCC_WARN_ABOUT_RETURN_TYPE = YES_ERROR;
				GCC_WARN_UNDECLARED_SELECTOR = YES;
				GCC_WARN_UNINITIALIZED_AUTOS = YES_AGGRESSIVE;
				GCC_WARN_UNUSED_FUNCTION = YES;
				GCC_WARN_UNUSED_VARIABLE = YES;
				IPHONEOS_DEPLOYMENT_TARGET = 7.1;
				SDKROOT = iphoneos;
				TARGETED_DEVICE_FAMILY = 2;
				VALIDATE_PRODUCT = YES;
			};
			name = Release;
		};
		926B329218EF20F000AAD137 /* Debug */ = {
			isa = XCBuildConfiguration;
			buildSettings = {
				ASSETCATALOG_COMPILER_APPICON_NAME = AppIcon;
				ASSETCATALOG_COMPILER_LAUNCHIMAGE_NAME = LaunchImage;
				GCC_PRECOMPILE_PREFIX_HEADER = YES;
				GCC_PREFIX_HEADER = "VideoList/VideoList-Prefix.pch";
				INFOPLIST_FILE = "VideoList/VideoList-Info.plist";
				PRODUCT_NAME = "$(TARGET_NAME)";
				WRAPPER_EXTENSION = app;
			};
			name = Debug;
		};
		926B329318EF20F000AAD137 /* Release */ = {
			isa = XCBuildConfiguration;
			buildSettings = {
				ASSETCATALOG_COMPILER_APPICON_NAME = AppIcon;
				ASSETCATALOG_COMPILER_LAUNCHIMAGE_NAME = LaunchImage;
				GCC_PRECOMPILE_PREFIX_HEADER = YES;
				GCC_PREFIX_HEADER = "VideoList/VideoList-Prefix.pch";
				INFOPLIST_FILE = "VideoList/VideoList-Info.plist";
				PRODUCT_NAME = "$(TARGET_NAME)";
				WRAPPER_EXTENSION = app;
			};
			name = Release;
		};
		926B329518EF20F000AAD137 /* Debug */ = {
			isa = XCBuildConfiguration;
			buildSettings = {
				BUNDLE_LOADER = "$(BUILT_PRODUCTS_DIR)/VideoList.app/VideoList";
				FRAMEWORK_SEARCH_PATHS = (
					"$(SDKROOT)/Developer/Library/Frameworks",
					"$(inherited)",
					"$(DEVELOPER_FRAMEWORKS_DIR)",
				);
				GCC_PRECOMPILE_PREFIX_HEADER = YES;
				GCC_PREFIX_HEADER = "VideoList/VideoList-Prefix.pch";
				GCC_PREPROCESSOR_DEFINITIONS = (
					"DEBUG=1",
					"$(inherited)",
				);
				INFOPLIST_FILE = "VideoListTests/VideoListTests-Info.plist";
				PRODUCT_NAME = "$(TARGET_NAME)";
				TEST_HOST = "$(BUNDLE_LOADER)";
				WRAPPER_EXTENSION = xctest;
			};
			name = Debug;
		};
		926B329618EF20F000AAD137 /* Release */ = {
			isa = XCBuildConfiguration;
			buildSettings = {
				BUNDLE_LOADER = "$(BUILT_PRODUCTS_DIR)/VideoList.app/VideoList";
				FRAMEWORK_SEARCH_PATHS = (
					"$(SDKROOT)/Developer/Library/Frameworks",
					"$(inherited)",
					"$(DEVELOPER_FRAMEWORKS_DIR)",
				);
				GCC_PRECOMPILE_PREFIX_HEADER = YES;
				GCC_PREFIX_HEADER = "VideoList/VideoList-Prefix.pch";
				INFOPLIST_FILE = "VideoListTests/VideoListTests-Info.plist";
				PRODUCT_NAME = "$(TARGET_NAME)";
				TEST_HOST = "$(BUNDLE_LOADER)";
				WRAPPER_EXTENSION = xctest;
			};
			name = Release;
		};
/* End XCBuildConfiguration section */

/* Begin XCConfigurationList section */
		926B326018EF20F000AAD137 /* Build configuration list for PBXProject "VideoList" */ = {
			isa = XCConfigurationList;
			buildConfigurations = (
				926B328F18EF20F000AAD137 /* Debug */,
				926B329018EF20F000AAD137 /* Release */,
			);
			defaultConfigurationIsVisible = 0;
			defaultConfigurationName = Release;
		};
		926B329118EF20F000AAD137 /* Build configuration list for PBXNativeTarget "VideoList" */ = {
			isa = XCConfigurationList;
			buildConfigurations = (
				926B329218EF20F000AAD137 /* Debug */,
				926B329318EF20F000AAD137 /* Release */,
			);
			defaultConfigurationIsVisible = 0;
		};
		926B329418EF20F000AAD137 /* Build configuration list for PBXNativeTarget "VideoListTests" */ = {
			isa = XCConfigurationList;
			buildConfigurations = (
				926B329518EF20F000AAD137 /* Debug */,
				926B329618EF20F000AAD137 /* Release */,
			);
			defaultConfigurationIsVisible = 0;
		};
/* End XCConfigurationList section */
	};
	rootObject = 926B325D18EF20F000AAD137 /* Project object */;
}
